PODS:
  - Flutter (1.0.0)
  - integration_test (0.0.1):
    - Flutter
  - sign_in_with_apple_native (0.0.1):
    - Flutter

DEPENDENCIES:
  - Flutter (from `Flutter`)
  - integration_test (from `.symlinks/plugins/integration_test/ios`)
  - sign_in_with_apple_native (from `.symlinks/plugins/sign_in_with_apple_native/ios`)

EXTERNAL SOURCES:
  Flutter:
    :path: Flutter
  integration_test:
    :path: ".symlinks/plugins/integration_test/ios"
  sign_in_with_apple_native:
    :path: ".symlinks/plugins/sign_in_with_apple_native/ios"

SPEC CHECKSUMS:
  Flutter: f04841e97a9d0b0a8025694d0796dd46242b2854
  integration_test: 13825b8a9334a850581300559b8839134b124670
  sign_in_with_apple_native: 5826a523bba68e8ff274e17cbfa22a75ab4b5ed9

PODFILE CHECKSUM: 70d9d25280d0dd177a5f637cdb0f0b0b12c6a189

COCOAPODS: 1.11.3
