PODS:
  - Flutter (1.0.0)
  - integration_test (0.0.1):
    - Flutter
  - sign_in_with_apple_native (0.0.1):
    - Flutter

DEPENDENCIES:
  - Flutter (from `Flutter`)
  - integration_test (from `.symlinks/plugins/integration_test/ios`)
  - sign_in_with_apple_native (from `.symlinks/plugins/sign_in_with_apple_native/ios`)

EXTERNAL SOURCES:
  Flutter:
    :path: Flutter
  integration_test:
    :path: ".symlinks/plugins/integration_test/ios"
  sign_in_with_apple_native:
    :path: ".symlinks/plugins/sign_in_with_apple_native/ios"

SPEC CHECKSUMS:
  Flutter: e0871f40cf51350855a761d2e70bf5af5b9b5de7
  integration_test: ce0a3ffa1de96d1a89ca0ac26fca7ea18a749ef4
  sign_in_with_apple_native: c4d96cfc1a9f5e57135b3509626de17d46c74cf8

PODFILE CHECKSUM: a57f30d18f102dd3ce366b1d62a55ecbef2158e5

COCOAPODS: 1.15.2
